
Microsoft Visual Studio Solution File, Format Version 12.00
# Visual Studio Version 16
VisualStudioVersion = 16.0.31112.23
MinimumVisualStudioVersion = 10.0.40219.1
Project("{9A19103F-16F7-4668-BE54-9A1E7A4F7556}") = "MaxmimumSumOfTheNumbers", "PIWorksProject\MaxmimumSumOfTheNumbers.csproj", "{A77BE282-FC7E-4E81-BCDC-66CF66D811BD}"
EndProject
Global
	GlobalSection(SolutionConfigurationPlatforms) = preSolution
		Debug|Any CPU = Debug|Any CPU
		Release|Any CPU = Release|Any CPU
	EndGlobalSection
	GlobalSection(ProjectConfigurationPlatforms) = postSolution
		{A77BE282-FC7E-4E81-BCDC-66CF66D811BD}.Debug|Any CPU.ActiveCfg = Debug|Any CPU
		{A77BE282-FC7E-4E81-BCDC-66CF66D811BD}.Debug|Any CPU.Build.0 = Debug|Any CPU
		{A77BE282-FC7E-4E81-BCDC-66CF66D811BD}.Release|Any CPU.ActiveCfg = Release|Any CPU
		{A77BE282-FC7E-4E81-BCDC-66CF66D811BD}.Release|Any CPU.Build.0 = Release|Any CPU
	EndGlobalSection
	GlobalSection(SolutionProperties) = preSolution
		HideSolutionNode = FALSE
	EndGlobalSection
	GlobalSection(ExtensibilityGlobals) = postSolution
		SolutionGuid = {FBD1BE9C-F4DC-410E-850E-18E2BEF0EC6F}
	EndGlobalSection
EndGlobal
